// !$*UTF8*$!
{
	archiveVersion = 1;
	classes = {
	};
	objectVersion = 50;
	objects = {

/* Begin PBXBuildFile section */
		AE1BA94B24AD544E00CC6BA2 /* Bookworm.xcdatamodeld in Sources */ = {isa = PBXBuildFile; fileRef = AE1BA94924AD544E00CC6BA2 /* Bookworm.xcdatamodeld */; };
		AE1BA94D24AD550600CC6BA2 /* AddBookView.swift in Sources */ = {isa = PBXBuildFile; fileRef = AE1BA94C24AD550600CC6BA2 /* AddBookView.swift */; };
		AE1BA94F24AD589600CC6BA2 /* RatingView.swift in Sources */ = {isa = PBXBuildFile; fileRef = AE1BA94E24AD589600CC6BA2 /* RatingView.swift */; };
		AE1BA95124AD5A5400CC6BA2 /* EmojiRatingView.swift in Sources */ = {isa = PBXBuildFile; fileRef = AE1BA95024AD5A5400CC6BA2 /* EmojiRatingView.swift */; };
		AE690BB424AC9ACC00ED5798 /* AppDelegate.swift in Sources */ = {isa = PBXBuildFile; fileRef = AE690BB324AC9ACC00ED5798 /* AppDelegate.swift */; };
		AE690BB624AC9ACC00ED5798 /* SceneDelegate.swift in Sources */ = {isa = PBXBuildFile; fileRef = AE690BB524AC9ACC00ED5798 /* SceneDelegate.swift */; };
		AE690BBB24AC9ACC00ED5798 /* ContentView.swift in Sources */ = {isa = PBXBuildFile; fileRef = AE690BBA24AC9ACC00ED5798 /* ContentView.swift */; };
		AE690BBD24AC9AD200ED5798 /* Assets.xcassets in Resources */ = {isa = PBXBuildFile; fileRef = AE690BBC24AC9AD200ED5798 /* Assets.xcassets */; };
		AE690BC024AC9AD200ED5798 /* Preview Assets.xcassets in Resources */ = {isa = PBXBuildFile; fileRef = AE690BBF24AC9AD200ED5798 /* Preview Assets.xcassets */; };
		AE690BC324AC9AD200ED5798 /* LaunchScreen.storyboard in Resources */ = {isa = PBXBuildFile; fileRef = AE690BC124AC9AD200ED5798 /* LaunchScreen.storyboard */; };
		AE81B60524B1DC9A000FC5BD /* DetailView.swift in Sources */ = {isa = PBXBuildFile; fileRef = AE81B60424B1DC9A000FC5BD /* DetailView.swift */; };
/* End PBXBuildFile section */

/* Begin PBXFileReference section */
		AE1BA94A24AD544E00CC6BA2 /* Bookworm.xcdatamodel */ = {isa = PBXFileReference; lastKnownFileType = wrapper.xcdatamodel; path = Bookworm.xcdatamodel; sourceTree = "<group>"; };
		AE1BA94C24AD550600CC6BA2 /* AddBookView.swift */ = {isa = PBXFileReference; lastKnownFileType = sourcecode.swift; path = AddBookView.swift; sourceTree = "<group>"; };
		AE1BA94E24AD589600CC6BA2 /* RatingView.swift */ = {isa = PBXFileReference; lastKnownFileType = sourcecode.swift; path = RatingView.swift; sourceTree = "<group>"; };
		AE1BA95024AD5A5400CC6BA2 /* EmojiRatingView.swift */ = {isa = PBXFileReference; lastKnownFileType = sourcecode.swift; path = EmojiRatingView.swift; sourceTree = "<group>"; };
		AE690BB024AC9ACC00ED5798 /* Bookworm.app */ = {isa = PBXFileReference; explicitFileType = wrapper.application; includeInIndex = 0; path = Bookworm.app; sourceTree = BUILT_PRODUCTS_DIR; };
		AE690BB324AC9ACC00ED5798 /* AppDelegate.swift */ = {isa = PBXFileReference; lastKnownFileType = sourcecode.swift; path = AppDelegate.swift; sourceTree = "<group>"; };
		AE690BB524AC9ACC00ED5798 /* SceneDelegate.swift */ = {isa = PBXFileReference; lastKnownFileType = sourcecode.swift; path = SceneDelegate.swift; sourceTree = "<group>"; };
		AE690BBA24AC9ACC00ED5798 /* ContentView.swift */ = {isa = PBXFileReference; lastKnownFileType = sourcecode.swift; path = ContentView.swift; sourceTree = "<group>"; };
		AE690BBC24AC9AD200ED5798 /* Assets.xcassets */ = {isa = PBXFileReference; lastKnownFileType = folder.assetcatalog; path = Assets.xcassets; sourceTree = "<group>"; };
		AE690BBF24AC9AD200ED5798 /* Preview Assets.xcassets */ = {isa = PBXFileReference; lastKnownFileType = folder.assetcatalog; path = "Preview Assets.xcassets"; sourceTree = "<group>"; };
		AE690BC224AC9AD200ED5798 /* Base */ = {isa = PBXFileReference; lastKnownFileType = file.storyboard; name = Base; path = Base.lproj/LaunchScreen.storyboard; sourceTree = "<group>"; };
		AE690BC424AC9AD200ED5798 /* Info.plist */ = {isa = PBXFileReference; lastKnownFileType = text.plist.xml; path = Info.plist; sourceTree = "<group>"; };
		AE81B60424B1DC9A000FC5BD /* DetailView.swift */ = {isa = PBXFileReference; lastKnownFileType = sourcecode.swift; path = DetailView.swift; sourceTree = "<group>"; };
/* End PBXFileReference section */

/* Begin PBXFrameworksBuildPhase section */
		AE690BAD24AC9ACB00ED5798 /* Frameworks */ = {
			isa = PBXFrameworksBuildPhase;
			buildActionMask = 2147483647;
			files = (
			);
			runOnlyForDeploymentPostprocessing = 0;
		};
/* End PBXFrameworksBuildPhase section */

/* Begin PBXGroup section */
		AE690BA724AC9ACB00ED5798 = {
			isa = PBXGroup;
			children = (
				AE690BB224AC9ACC00ED5798 /* Bookworm */,
				AE690BB124AC9ACC00ED5798 /* Products */,
			);
			sourceTree = "<group>";
		};
		AE690BB124AC9ACC00ED5798 /* Products */ = {
			isa = PBXGroup;
			children = (
				AE690BB024AC9ACC00ED5798 /* Bookworm.app */,
			);
			name = Products;
			sourceTree = "<group>";
		};
		AE690BB224AC9ACC00ED5798 /* Bookworm */ = {
			isa = PBXGroup;
			children = (
				AE690BB324AC9ACC00ED5798 /* AppDelegate.swift */,
				AE690BB524AC9ACC00ED5798 /* SceneDelegate.swift */,
				AE690BBA24AC9ACC00ED5798 /* ContentView.swift */,
				AE1BA94C24AD550600CC6BA2 /* AddBookView.swift */,
				AE1BA94E24AD589600CC6BA2 /* RatingView.swift */,
				AE81B60424B1DC9A000FC5BD /* DetailView.swift */,
				AE1BA95024AD5A5400CC6BA2 /* EmojiRatingView.swift */,
				AE690BBC24AC9AD200ED5798 /* Assets.xcassets */,
				AE690BC124AC9AD200ED5798 /* LaunchScreen.storyboard */,
				AE1BA94924AD544E00CC6BA2 /* Bookworm.xcdatamodeld */,
				AE690BC424AC9AD200ED5798 /* Info.plist */,
				AE690BBE24AC9AD200ED5798 /* Preview Content */,
			);
			path = Bookworm;
			sourceTree = "<group>";
		};
		AE690BBE24AC9AD200ED5798 /* Preview Content */ = {
			isa = PBXGroup;
			children = (
				AE690BBF24AC9AD200ED5798 /* Preview Assets.xcassets */,
			);
			path = "Preview Content";
			sourceTree = "<group>";
		};
/* End PBXGroup section */

/* Begin PBXNativeTarget section */
		AE690BAF24AC9ACB00ED5798 /* Bookworm */ = {
			isa = PBXNativeTarget;
			buildConfigurationList = AE690BC724AC9AD200ED5798 /* Build configuration list for PBXNativeTarget "Bookworm" */;
			buildPhases = (
				AE690BAC24AC9ACB00ED5798 /* Sources */,
				AE690BAD24AC9ACB00ED5798 /* Frameworks */,
				AE690BAE24AC9ACB00ED5798 /* Resources */,
			);
			buildRules = (
			);
			dependencies = (
			);
			name = Bookworm;
			productName = Bookworm;
			productReference = AE690BB024AC9ACC00ED5798 /* Bookworm.app */;
			productType = "com.apple.product-type.application";
		};
/* End PBXNativeTarget section */

/* Begin PBXProject section */
		AE690BA824AC9ACB00ED5798 /* Project object */ = {
			isa = PBXProject;
			attributes = {
				LastSwiftUpdateCheck = 1140;
				LastUpgradeCheck = 1140;
				ORGANIZATIONNAME = kazu;
				TargetAttributes = {
					AE690BAF24AC9ACB00ED5798 = {
						CreatedOnToolsVersion = 11.4;
					};
				};
			};
			buildConfigurationList = AE690BAB24AC9ACB00ED5798 /* Build configuration list for PBXProject "Bookworm" */;
			compatibilityVersion = "Xcode 9.3";
			developmentRegion = en;
			hasScannedForEncodings = 0;
			knownRegions = (
				en,
				Base,
			);
			mainGroup = AE690BA724AC9ACB00ED5798;
			productRefGroup = AE690BB124AC9ACC00ED5798 /* Products */;
			projectDirPath = "";
			projectRoot = "";
			targets = (
				AE690BAF24AC9ACB00ED5798 /* Bookworm */,
			);
		};
/* End PBXProject section */

/* Begin PBXResourcesBuildPhase section */
		AE690BAE24AC9ACB00ED5798 /* Resources */ = {
			isa = PBXResourcesBuildPhase;
			buildActionMask = 2147483647;
			files = (
				AE690BC324AC9AD200ED5798 /* LaunchScreen.storyboard in Resources */,
				AE690BC024AC9AD200ED5798 /* Preview Assets.xcassets in Resources */,
				AE690BBD24AC9AD200ED5798 /* Assets.xcassets in Resources */,
			);
			runOnlyForDeploymentPostprocessing = 0;
		};
/* End PBXResourcesBuildPhase section */

/* Begin PBXSourcesBuildPhase section */
		AE690BAC24AC9ACB00ED5798 /* Sources */ = {
			isa = PBXSourcesBuildPhase;
			buildActionMask = 2147483647;
			files = (
				AE690BB424AC9ACC00ED5798 /* AppDelegate.swift in Sources */,
				AE81B60524B1DC9A000FC5BD /* DetailView.swift in Sources */,
				AE1BA94B24AD544E00CC6BA2 /* Bookworm.xcdatamodeld in Sources */,
				AE1BA95124AD5A5400CC6BA2 /* EmojiRatingView.swift in Sources */,
				AE690BBB24AC9ACC00ED5798 /* ContentView.swift in Sources */,
				AE1BA94F24AD589600CC6BA2 /* RatingView.swift in Sources */,
				AE690BB624AC9ACC00ED5798 /* SceneDelegate.swift in Sources */,
				AE1BA94D24AD550600CC6BA2 /* AddBookView.swift in Sources */,
			);
			runOnlyForDeploymentPostprocessing = 0;
		};
/* End PBXSourcesBuildPhase section */

/* Begin PBXVariantGroup section */
		AE690BC124AC9AD200ED5798 /* LaunchScreen.storyboard */ = {
			isa = PBXVariantGroup;
			children = (
				AE690BC224AC9AD200ED5798 /* Base */,
			);
			name = LaunchScreen.storyboard;
			sourceTree = "<group>";
		};
/* End PBXVariantGroup section */

/* Begin XCBuildConfiguration section */
		AE690BC524AC9AD200ED5798 /* Debug */ = {
			isa = XCBuildConfiguration;
			buildSettings = {
				ALWAYS_SEARCH_USER_PATHS = NO;
				CLANG_ANALYZER_NONNULL = YES;
				CLANG_ANALYZER_NUMBER_OBJECT_CONVERSION = YES_AGGRESSIVE;
				CLANG_CXX_LANGUAGE_STANDARD = "gnu++14";
				CLANG_CXX_LIBRARY = "libc++";
				CLANG_ENABLE_MODULES = YES;
				CLANG_ENABLE_OBJC_ARC = YES;
				CLANG_ENABLE_OBJC_WEAK = YES;
				CLANG_WARN_BLOCK_CAPTURE_AUTORELEASING = YES;
				CLANG_WARN_BOOL_CONVERSION = YES;
				CLANG_WARN_COMMA = YES;
				CLANG_WARN_CONSTANT_CONVERSION = YES;
				CLANG_WARN_DEPRECATED_OBJC_IMPLEMENTATIONS = YES;
				CLANG_WARN_DIRECT_OBJC_ISA_USAGE = YES_ERROR;
				CLANG_WARN_DOCUMENTATION_COMMENTS = YES;
				CLANG_WARN_EMPTY_BODY = YES;
				CLANG_WARN_ENUM_CONVERSION = YES;
				CLANG_WARN_INFINITE_RECURSION = YES;
				CLANG_WARN_INT_CONVERSION = YES;
				CLANG_WARN_NON_LITERAL_NULL_CONVERSION = YES;
				CLANG_WARN_OBJC_IMPLICIT_RETAIN_SELF = YES;
				CLANG_WARN_OBJC_LITERAL_CONVERSION = YES;
				CLANG_WARN_OBJC_ROOT_CLASS = YES_ERROR;
				CLANG_WARN_RANGE_LOOP_ANALYSIS = YES;
				CLANG_WARN_STRICT_PROTOTYPES = YES;
				CLANG_WARN_SUSPICIOUS_MOVE = YES;
				CLANG_WARN_UNGUARDED_AVAILABILITY = YES_AGGRESSIVE;
				CLANG_WARN_UNREACHABLE_CODE = YES;
				CLANG_WARN__DUPLICATE_METHOD_MATCH = YES;
				COPY_PHASE_STRIP = NO;
				DEBUG_INFORMATION_FORMAT = dwarf;
				ENABLE_STRICT_OBJC_MSGSEND = YES;
				ENABLE_TESTABILITY = YES;
				GCC_C_LANGUAGE_STANDARD = gnu11;
				GCC_DYNAMIC_NO_PIC = NO;
				GCC_NO_COMMON_BLOCKS = YES;
				GCC_OPTIMIZATION_LEVEL = 0;
				GCC_PREPROCESSOR_DEFINITIONS = (
					"DEBUG=1",
					"$(inherited)",
				);
				GCC_WARN_64_TO_32_BIT_CONVERSION = YES;
				GCC_WARN_ABOUT_RETURN_TYPE = YES_ERROR;
				GCC_WARN_UNDECLARED_SELECTOR = YES;
				GCC_WARN_UNINITIALIZED_AUTOS = YES_AGGRESSIVE;
				GCC_WARN_UNUSED_FUNCTION = YES;
				GCC_WARN_UNUSED_VARIABLE = YES;
				IPHONEOS_DEPLOYMENT_TARGET = 13.4;
				MTL_ENABLE_DEBUG_INFO = INCLUDE_SOURCE;
				MTL_FAST_MATH = YES;
				ONLY_ACTIVE_ARCH = YES;
				SDKROOT = iphoneos;
				SWIFT_ACTIVE_COMPILATION_CONDITIONS = DEBUG;
				SWIFT_OPTIMIZATION_LEVEL = "-Onone";
			};
			name = Debug;
		};
		AE690BC624AC9AD200ED5798 /* Release */ = {
			isa = XCBuildConfiguration;
			buildSettings = {
				ALWAYS_SEARCH_USER_PATHS = NO;
				CLANG_ANALYZER_NONNULL = YES;
				CLANG_ANALYZER_NUMBER_OBJECT_CONVERSION = YES_AGGRESSIVE;
				CLANG_CXX_LANGUAGE_STANDARD = "gnu++14";
				CLANG_CXX_LIBRARY = "libc++";
				CLANG_ENABLE_MODULES = YES;
				CLANG_ENABLE_OBJC_ARC = YES;
				CLANG_ENABLE_OBJC_WEAK = YES;
				CLANG_WARN_BLOCK_CAPTURE_AUTORELEASING = YES;
				CLANG_WARN_BOOL_CONVERSION = YES;
				CLANG_WARN_COMMA = YES;
				CLANG_WARN_CONSTANT_CONVERSION = YES;
				CLANG_WARN_DEPRECATED_OBJC_IMPLEMENTATIONS = YES;
				CLANG_WARN_DIRECT_OBJC_ISA_USAGE = YES_ERROR;
				CLANG_WARN_DOCUMENTATION_COMMENTS = YES;
				CLANG_WARN_EMPTY_BODY = YES;
				CLANG_WARN_ENUM_CONVERSION = YES;
				CLANG_WARN_INFINITE_RECURSION = YES;
				CLANG_WARN_INT_CONVERSION = YES;
				CLANG_WARN_NON_LITERAL_NULL_CONVERSION = YES;
				CLANG_WARN_OBJC_IMPLICIT_RETAIN_SELF = YES;
				CLANG_WARN_OBJC_LITERAL_CONVERSION = YES;
				CLANG_WARN_OBJC_ROOT_CLASS = YES_ERROR;
				CLANG_WARN_RANGE_LOOP_ANALYSIS = YES;
				CLANG_WARN_STRICT_PROTOTYPES = YES;
				CLANG_WARN_SUSPICIOUS_MOVE = YES;
				CLANG_WARN_UNGUARDED_AVAILABILITY = YES_AGGRESSIVE;
				CLANG_WARN_UNREACHABLE_CODE = YES;
				CLANG_WARN__DUPLICATE_METHOD_MATCH = YES;
				COPY_PHASE_STRIP = NO;
				DEBUG_INFORMATION_FORMAT = "dwarf-with-dsym";
				ENABLE_NS_ASSERTIONS = NO;
				ENABLE_STRICT_OBJC_MSGSEND = YES;
				GCC_C_LANGUAGE_STANDARD = gnu11;
				GCC_NO_COMMON_BLOCKS = YES;
				GCC_WARN_64_TO_32_BIT_CONVERSION = YES;
				GCC_WARN_ABOUT_RETURN_TYPE = YES_ERROR;
				GCC_WARN_UNDECLARED_SELECTOR = YES;
				GCC_WARN_UNINITIALIZED_AUTOS = YES_AGGRESSIVE;
				GCC_WARN_UNUSED_FUNCTION = YES;
				GCC_WARN_UNUSED_VARIABLE = YES;
				IPHONEOS_DEPLOYMENT_TARGET = 13.4;
				MTL_ENABLE_DEBUG_INFO = NO;
				MTL_FAST_MATH = YES;
				SDKROOT = iphoneos;
				SWIFT_COMPILATION_MODE = wholemodule;
				SWIFT_OPTIMIZATION_LEVEL = "-O";
				VALIDATE_PRODUCT = YES;
			};
			name = Release;
		};
		AE690BC824AC9AD200ED5798 /* Debug */ = {
			isa = XCBuildConfiguration;
			buildSettings = {
				ASSETCATALOG_COMPILER_APPICON_NAME = AppIcon;
				CODE_SIGN_STYLE = Automatic;
				DEVELOPMENT_ASSET_PATHS = "\"Bookworm/Preview Content\"";
				DEVELOPMENT_TEAM = 5K97LXLCKT;
				ENABLE_PREVIEWS = YES;
				INFOPLIST_FILE = Bookworm/Info.plist;
				LD_RUNPATH_SEARCH_PATHS = (
					"$(inherited)",
					"@executable_path/Frameworks",
				);
				PRODUCT_BUNDLE_IDENTIFIER = kazu.Bookworm;
				PRODUCT_NAME = "$(TARGET_NAME)";
				SWIFT_VERSION = 5.0;
				TARGETED_DEVICE_FAMILY = "1,2";
			};
			name = Debug;
		};
		AE690BC924AC9AD200ED5798 /* Release */ = {
			isa = XCBuildConfiguration;
			buildSettings = {
				ASSETCATALOG_COMPILER_APPICON_NAME = AppIcon;
				CODE_SIGN_STYLE = Automatic;
				DEVELOPMENT_ASSET_PATHS = "\"Bookworm/Preview Content\"";
				DEVELOPMENT_TEAM = 5K97LXLCKT;
				ENABLE_PREVIEWS = YES;
				INFOPLIST_FILE = Bookworm/Info.plist;
				LD_RUNPATH_SEARCH_PATHS = (
					"$(inherited)",
					"@executable_path/Frameworks",
				);
				PRODUCT_BUNDLE_IDENTIFIER = kazu.Bookworm;
				PRODUCT_NAME = "$(TARGET_NAME)";
				SWIFT_VERSION = 5.0;
				TARGETED_DEVICE_FAMILY = "1,2";
			};
			name = Release;
		};
/* End XCBuildConfiguration section */

/* Begin XCConfigurationList section */
		AE690BAB24AC9ACB00ED5798 /* Build configuration list for PBXProject "Bookworm" */ = {
			isa = XCConfigurationList;
			buildConfigurations = (
				AE690BC524AC9AD200ED5798 /* Debug */,
				AE690BC624AC9AD200ED5798 /* Release */,
			);
			defaultConfigurationIsVisible = 0;
			defaultConfigurationName = Release;
		};
		AE690BC724AC9AD200ED5798 /* Build configuration list for PBXNativeTarget "Bookworm" */ = {
			isa = XCConfigurationList;
			buildConfigurations = (
				AE690BC824AC9AD200ED5798 /* Debug */,
				AE690BC924AC9AD200ED5798 /* Release */,
			);
			defaultConfigurationIsVisible = 0;
			defaultConfigurationName = Release;
		};
/* End XCConfigurationList section */

/* Begin XCVersionGroup section */
		AE1BA94924AD544E00CC6BA2 /* Bookworm.xcdatamodeld */ = {
			isa = XCVersionGroup;
			children = (
				AE1BA94A24AD544E00CC6BA2 /* Bookworm.xcdatamodel */,
			);
			currentVersion = AE1BA94A24AD544E00CC6BA2 /* Bookworm.xcdatamodel */;
			path = Bookworm.xcdatamodeld;
			sourceTree = "<group>";
			versionGroupType = wrapper.xcdatamodel;
		};
/* End XCVersionGroup section */
	};
	rootObject = AE690BA824AC9ACB00ED5798 /* Project object */;
}
